
Microsoft Visual Studio Solution File, Format Version 12.00
# Visual Studio 15
VisualStudioVersion = 15.0.28307.572
MinimumVisualStudioVersion = 10.0.40219.1
Project("{FAE04EC0-301F-11D3-BF4B-00C04F79EFBC}") = "PB.PLBS.Domain", "src\PB.PLBS.Domain\PB.PLBS.Domain.csproj", "{6EA2F9A7-CBB4-44E5-8A31-19EE56C131C4}"
EndProject
Project("{FAE04EC0-301F-11D3-BF4B-00C04F79EFBC}") = "PB.PLBS.Domain.Core", "src\PB.PLBS.Domain.Core\PB.PLBS.Domain.Core.csproj", "{22298F00-E820-4525-A62B-9AFEA2E86334}"
EndProject
Project("{FAE04EC0-301F-11D3-BF4B-00C04F79EFBC}") = "PB.PLBS.Test", "test\PB.PLBS.Test\PB.PLBS.Test.csproj", "{97C48301-C6E1-4A54-AF95-8CF78FE38803}"
EndProject
Global
	GlobalSection(SolutionConfigurationPlatforms) = preSolution
		Debug|Any CPU = Debug|Any CPU
		Release|Any CPU = Release|Any CPU
	EndGlobalSection
	GlobalSection(ProjectConfigurationPlatforms) = postSolution
		{6EA2F9A7-CBB4-44E5-8A31-19EE56C131C4}.Debug|Any CPU.ActiveCfg = Debug|Any CPU
		{6EA2F9A7-CBB4-44E5-8A31-19EE56C131C4}.Debug|Any CPU.Build.0 = Debug|Any CPU
		{6EA2F9A7-CBB4-44E5-8A31-19EE56C131C4}.Release|Any CPU.ActiveCfg = Release|Any CPU
		{6EA2F9A7-CBB4-44E5-8A31-19EE56C131C4}.Release|Any CPU.Build.0 = Release|Any CPU
		{22298F00-E820-4525-A62B-9AFEA2E86334}.Debug|Any CPU.ActiveCfg = Debug|Any CPU
		{22298F00-E820-4525-A62B-9AFEA2E86334}.Debug|Any CPU.Build.0 = Debug|Any CPU
		{22298F00-E820-4525-A62B-9AFEA2E86334}.Release|Any CPU.ActiveCfg = Release|Any CPU
		{22298F00-E820-4525-A62B-9AFEA2E86334}.Release|Any CPU.Build.0 = Release|Any CPU
		{97C48301-C6E1-4A54-AF95-8CF78FE38803}.Debug|Any CPU.ActiveCfg = Debug|Any CPU
		{97C48301-C6E1-4A54-AF95-8CF78FE38803}.Debug|Any CPU.Build.0 = Debug|Any CPU
		{97C48301-C6E1-4A54-AF95-8CF78FE38803}.Release|Any CPU.ActiveCfg = Release|Any CPU
		{97C48301-C6E1-4A54-AF95-8CF78FE38803}.Release|Any CPU.Build.0 = Release|Any CPU
	EndGlobalSection
	GlobalSection(SolutionProperties) = preSolution
		HideSolutionNode = FALSE
	EndGlobalSection
	GlobalSection(ExtensibilityGlobals) = postSolution
		SolutionGuid = {607BD1C0-BE16-4C3E-BF4E-173616BB837E}
	EndGlobalSection
EndGlobal
